
Microsoft Visual Studio Solution File, Format Version 12.00
# Visual Studio 14
VisualStudioVersion = 14.0.25420.1
MinimumVisualStudioVersion = 10.0.40219.1
Project("{2150E333-8FDC-42A3-9474-1A3956D46DE8}") = "InternalVESC", "InternalVESC", "{AE4192CD-E31E-46B0-805D-B3FDF88948E2}"
EndProject
Project("{2150E333-8FDC-42A3-9474-1A3956D46DE8}") = "ExternalVESC", "ExternalVESC", "{A4C8C785-89FD-4025-BE19-D0850AE4C967}"
EndProject
Project("{2150E333-8FDC-42A3-9474-1A3956D46DE8}") = "VESCServices", "VESCServices", "{43734789-1B08-411C-9CDC-AEF4FD0ACDD4}"
EndProject
Project("{FAE04EC0-301F-11D3-BF4B-00C04F79EFBC}") = "VESCServices.Services", "VESCServices.Services\VESCServices.Services.csproj", "{954C11F2-F0E8-49FE-ABF0-0E5393A553FF}"
EndProject
Project("{2150E333-8FDC-42A3-9474-1A3956D46DE8}") = "1. ServicesLayer", "1. ServicesLayer", "{CD6F7222-DDD3-4CF3-AC89-B34B4E8FB86B}"
EndProject
Project("{2150E333-8FDC-42A3-9474-1A3956D46DE8}") = "2. BusinessLayer", "2. BusinessLayer", "{E5276F02-E8EB-45B4-AC37-DEE7B190CB10}"
EndProject
Project("{2150E333-8FDC-42A3-9474-1A3956D46DE8}") = "3. DataLayer", "3. DataLayer", "{C25276B0-94E6-4201-90E1-51B1A42BE16A}"
EndProject
Project("{2150E333-8FDC-42A3-9474-1A3956D46DE8}") = "4. Shared", "4. Shared", "{4C274109-FB5B-4DA9-9309-34B8C2111E6B}"
EndProject
Project("{FAE04EC0-301F-11D3-BF4B-00C04F79EFBC}") = "VESCServices.BL", "VESCServices.BL\VESCServices.BL.csproj", "{9A8BEFE6-32F6-4AB7-958A-EC1E1D99B7E6}"
EndProject
Project("{FAE04EC0-301F-11D3-BF4B-00C04F79EFBC}") = "VESCServices.DAL", "VESCServices.DAL\VESCServices.DAL.csproj", "{CC60CD93-EF27-4351-A949-6F9ADE720D65}"
EndProject
Project("{FAE04EC0-301F-11D3-BF4B-00C04F79EFBC}") = "VESCServices.ENT", "VESCServices.ENT\VESCServices.ENT.csproj", "{CCB49F74-8DDF-4839-A1EC-6AC7A754B2EA}"
EndProject
Project("{FAE04EC0-301F-11D3-BF4B-00C04F79EFBC}") = "VESCServices.Framework", "VESCServices.Framework\VESCServices.Framework.csproj", "{C5763923-9CAD-4E8B-8151-CEC5B866C285}"
EndProject
Project("{2150E333-8FDC-42A3-9474-1A3956D46DE8}") = "1. MVC", "1. MVC", "{07E923A3-6BD8-4627-B740-60EB808E6F80}"
EndProject
Project("{2150E333-8FDC-42A3-9474-1A3956D46DE8}") = "2. BusinessLayer", "2. BusinessLayer", "{2187A551-B4C5-494A-9CED-D38A7F08E4C4}"
EndProject
Project("{2150E333-8FDC-42A3-9474-1A3956D46DE8}") = "3. DataLayer", "3. DataLayer", "{A675FA57-3F86-4ABF-949D-EB8FB99FE6B8}"
EndProject
Project("{2150E333-8FDC-42A3-9474-1A3956D46DE8}") = "4. Shared", "4. Shared", "{D8C51168-CDA4-44DA-BF13-F14AA1CCBE3E}"
EndProject
Project("{2150E333-8FDC-42A3-9474-1A3956D46DE8}") = "1. MVC", "1. MVC", "{C68B6BE3-D7C0-4F29-B714-1D8B640FDBD7}"
EndProject
Project("{FAE04EC0-301F-11D3-BF4B-00C04F79EFBC}") = "InternalVESC.ENT", "InternalVESC.ENT\InternalVESC.ENT.csproj", "{4CAFD671-48B5-4031-BFC3-D1C73F60EC69}"
EndProject
Project("{FAE04EC0-301F-11D3-BF4B-00C04F79EFBC}") = "InternalVESC.Framework", "InternalVESC.Framework\InternalVESC.Framework.csproj", "{3B80CB76-CA44-4E73-8CD5-25C635245E67}"
EndProject
Project("{FAE04EC0-301F-11D3-BF4B-00C04F79EFBC}") = "InternalVESC.DAL", "InternalVESC.DAL\InternalVESC.DAL.csproj", "{74F3EFBA-42F7-45D9-A226-4691B3A9D9A5}"
EndProject
Project("{FAE04EC0-301F-11D3-BF4B-00C04F79EFBC}") = "InternalVESC.BL", "InternalVESC.BL\InternalVESC.BL.csproj", "{172F2D68-88A1-4BD4-98C0-59F4E0155ECF}"
EndProject
Project("{2150E333-8FDC-42A3-9474-1A3956D46DE8}") = "Test", "Test", "{B0609B10-285A-4ED8-9610-017083A141D7}"
EndProject
Project("{FAE04EC0-301F-11D3-BF4B-00C04F79EFBC}") = "Testt", "Testt\Testt.csproj", "{778194B1-7D69-44F6-9A44-4BAA6669B8F0}"
EndProject
Project("{FAE04EC0-301F-11D3-BF4B-00C04F79EFBC}") = "VESC", "InternalVESC\VESC\VESC.csproj", "{47B1464A-421D-4EEC-9C2B-F3CE55933B6E}"
EndProject
Project("{FAE04EC0-301F-11D3-BF4B-00C04F79EFBC}") = "VESC", "ExternalVESC\VESC\VESC.csproj", "{3B6C210F-5F4A-4255-B013-361FCB39F86B}"
	ProjectSection(ProjectDependencies) = postProject
		{954C11F2-F0E8-49FE-ABF0-0E5393A553FF} = {954C11F2-F0E8-49FE-ABF0-0E5393A553FF}
	EndProjectSection
EndProject
Global
	GlobalSection(SolutionConfigurationPlatforms) = preSolution
		Debug|Any CPU = Debug|Any CPU
		Release|Any CPU = Release|Any CPU
	EndGlobalSection
	GlobalSection(ProjectConfigurationPlatforms) = postSolution
		{954C11F2-F0E8-49FE-ABF0-0E5393A553FF}.Debug|Any CPU.ActiveCfg = Debug|Any CPU
		{954C11F2-F0E8-49FE-ABF0-0E5393A553FF}.Debug|Any CPU.Build.0 = Debug|Any CPU
		{954C11F2-F0E8-49FE-ABF0-0E5393A553FF}.Release|Any CPU.ActiveCfg = Release|Any CPU
		{954C11F2-F0E8-49FE-ABF0-0E5393A553FF}.Release|Any CPU.Build.0 = Release|Any CPU
		{9A8BEFE6-32F6-4AB7-958A-EC1E1D99B7E6}.Debug|Any CPU.ActiveCfg = Debug|Any CPU
		{9A8BEFE6-32F6-4AB7-958A-EC1E1D99B7E6}.Debug|Any CPU.Build.0 = Debug|Any CPU
		{9A8BEFE6-32F6-4AB7-958A-EC1E1D99B7E6}.Release|Any CPU.ActiveCfg = Release|Any CPU
		{9A8BEFE6-32F6-4AB7-958A-EC1E1D99B7E6}.Release|Any CPU.Build.0 = Release|Any CPU
		{CC60CD93-EF27-4351-A949-6F9ADE720D65}.Debug|Any CPU.ActiveCfg = Debug|Any CPU
		{CC60CD93-EF27-4351-A949-6F9ADE720D65}.Debug|Any CPU.Build.0 = Debug|Any CPU
		{CC60CD93-EF27-4351-A949-6F9ADE720D65}.Release|Any CPU.ActiveCfg = Release|Any CPU
		{CC60CD93-EF27-4351-A949-6F9ADE720D65}.Release|Any CPU.Build.0 = Release|Any CPU
		{CCB49F74-8DDF-4839-A1EC-6AC7A754B2EA}.Debug|Any CPU.ActiveCfg = Debug|Any CPU
		{CCB49F74-8DDF-4839-A1EC-6AC7A754B2EA}.Debug|Any CPU.Build.0 = Debug|Any CPU
		{CCB49F74-8DDF-4839-A1EC-6AC7A754B2EA}.Release|Any CPU.ActiveCfg = Release|Any CPU
		{CCB49F74-8DDF-4839-A1EC-6AC7A754B2EA}.Release|Any CPU.Build.0 = Release|Any CPU
		{C5763923-9CAD-4E8B-8151-CEC5B866C285}.Debug|Any CPU.ActiveCfg = Debug|Any CPU
		{C5763923-9CAD-4E8B-8151-CEC5B866C285}.Debug|Any CPU.Build.0 = Debug|Any CPU
		{C5763923-9CAD-4E8B-8151-CEC5B866C285}.Release|Any CPU.ActiveCfg = Release|Any CPU
		{C5763923-9CAD-4E8B-8151-CEC5B866C285}.Release|Any CPU.Build.0 = Release|Any CPU
		{4CAFD671-48B5-4031-BFC3-D1C73F60EC69}.Debug|Any CPU.ActiveCfg = Debug|Any CPU
		{4CAFD671-48B5-4031-BFC3-D1C73F60EC69}.Debug|Any CPU.Build.0 = Debug|Any CPU
		{4CAFD671-48B5-4031-BFC3-D1C73F60EC69}.Release|Any CPU.ActiveCfg = Release|Any CPU
		{4CAFD671-48B5-4031-BFC3-D1C73F60EC69}.Release|Any CPU.Build.0 = Release|Any CPU
		{3B80CB76-CA44-4E73-8CD5-25C635245E67}.Debug|Any CPU.ActiveCfg = Debug|Any CPU
		{3B80CB76-CA44-4E73-8CD5-25C635245E67}.Debug|Any CPU.Build.0 = Debug|Any CPU
		{3B80CB76-CA44-4E73-8CD5-25C635245E67}.Release|Any CPU.ActiveCfg = Release|Any CPU
		{3B80CB76-CA44-4E73-8CD5-25C635245E67}.Release|Any CPU.Build.0 = Release|Any CPU
		{74F3EFBA-42F7-45D9-A226-4691B3A9D9A5}.Debug|Any CPU.ActiveCfg = Debug|Any CPU
		{74F3EFBA-42F7-45D9-A226-4691B3A9D9A5}.Debug|Any CPU.Build.0 = Debug|Any CPU
		{74F3EFBA-42F7-45D9-A226-4691B3A9D9A5}.Release|Any CPU.ActiveCfg = Release|Any CPU
		{74F3EFBA-42F7-45D9-A226-4691B3A9D9A5}.Release|Any CPU.Build.0 = Release|Any CPU
		{172F2D68-88A1-4BD4-98C0-59F4E0155ECF}.Debug|Any CPU.ActiveCfg = Debug|Any CPU
		{172F2D68-88A1-4BD4-98C0-59F4E0155ECF}.Debug|Any CPU.Build.0 = Debug|Any CPU
		{172F2D68-88A1-4BD4-98C0-59F4E0155ECF}.Release|Any CPU.ActiveCfg = Release|Any CPU
		{172F2D68-88A1-4BD4-98C0-59F4E0155ECF}.Release|Any CPU.Build.0 = Release|Any CPU
		{778194B1-7D69-44F6-9A44-4BAA6669B8F0}.Debug|Any CPU.ActiveCfg = Debug|Any CPU
		{778194B1-7D69-44F6-9A44-4BAA6669B8F0}.Debug|Any CPU.Build.0 = Debug|Any CPU
		{778194B1-7D69-44F6-9A44-4BAA6669B8F0}.Release|Any CPU.ActiveCfg = Release|Any CPU
		{778194B1-7D69-44F6-9A44-4BAA6669B8F0}.Release|Any CPU.Build.0 = Release|Any CPU
		{47B1464A-421D-4EEC-9C2B-F3CE55933B6E}.Debug|Any CPU.ActiveCfg = Debug|Any CPU
		{47B1464A-421D-4EEC-9C2B-F3CE55933B6E}.Debug|Any CPU.Build.0 = Debug|Any CPU
		{47B1464A-421D-4EEC-9C2B-F3CE55933B6E}.Release|Any CPU.ActiveCfg = Release|Any CPU
		{47B1464A-421D-4EEC-9C2B-F3CE55933B6E}.Release|Any CPU.Build.0 = Release|Any CPU
		{3B6C210F-5F4A-4255-B013-361FCB39F86B}.Debug|Any CPU.ActiveCfg = Debug|Any CPU
		{3B6C210F-5F4A-4255-B013-361FCB39F86B}.Debug|Any CPU.Build.0 = Debug|Any CPU
		{3B6C210F-5F4A-4255-B013-361FCB39F86B}.Release|Any CPU.ActiveCfg = Release|Any CPU
		{3B6C210F-5F4A-4255-B013-361FCB39F86B}.Release|Any CPU.Build.0 = Release|Any CPU
	EndGlobalSection
	GlobalSection(SolutionProperties) = preSolution
		HideSolutionNode = FALSE
	EndGlobalSection
	GlobalSection(NestedProjects) = preSolution
		{954C11F2-F0E8-49FE-ABF0-0E5393A553FF} = {CD6F7222-DDD3-4CF3-AC89-B34B4E8FB86B}
		{CD6F7222-DDD3-4CF3-AC89-B34B4E8FB86B} = {43734789-1B08-411C-9CDC-AEF4FD0ACDD4}
		{E5276F02-E8EB-45B4-AC37-DEE7B190CB10} = {43734789-1B08-411C-9CDC-AEF4FD0ACDD4}
		{C25276B0-94E6-4201-90E1-51B1A42BE16A} = {43734789-1B08-411C-9CDC-AEF4FD0ACDD4}
		{4C274109-FB5B-4DA9-9309-34B8C2111E6B} = {43734789-1B08-411C-9CDC-AEF4FD0ACDD4}
		{9A8BEFE6-32F6-4AB7-958A-EC1E1D99B7E6} = {E5276F02-E8EB-45B4-AC37-DEE7B190CB10}
		{CC60CD93-EF27-4351-A949-6F9ADE720D65} = {C25276B0-94E6-4201-90E1-51B1A42BE16A}
		{CCB49F74-8DDF-4839-A1EC-6AC7A754B2EA} = {4C274109-FB5B-4DA9-9309-34B8C2111E6B}
		{C5763923-9CAD-4E8B-8151-CEC5B866C285} = {4C274109-FB5B-4DA9-9309-34B8C2111E6B}
		{07E923A3-6BD8-4627-B740-60EB808E6F80} = {AE4192CD-E31E-46B0-805D-B3FDF88948E2}
		{2187A551-B4C5-494A-9CED-D38A7F08E4C4} = {AE4192CD-E31E-46B0-805D-B3FDF88948E2}
		{A675FA57-3F86-4ABF-949D-EB8FB99FE6B8} = {AE4192CD-E31E-46B0-805D-B3FDF88948E2}
		{D8C51168-CDA4-44DA-BF13-F14AA1CCBE3E} = {AE4192CD-E31E-46B0-805D-B3FDF88948E2}
		{C68B6BE3-D7C0-4F29-B714-1D8B640FDBD7} = {A4C8C785-89FD-4025-BE19-D0850AE4C967}
		{4CAFD671-48B5-4031-BFC3-D1C73F60EC69} = {D8C51168-CDA4-44DA-BF13-F14AA1CCBE3E}
		{3B80CB76-CA44-4E73-8CD5-25C635245E67} = {D8C51168-CDA4-44DA-BF13-F14AA1CCBE3E}
		{74F3EFBA-42F7-45D9-A226-4691B3A9D9A5} = {A675FA57-3F86-4ABF-949D-EB8FB99FE6B8}
		{172F2D68-88A1-4BD4-98C0-59F4E0155ECF} = {2187A551-B4C5-494A-9CED-D38A7F08E4C4}
		{778194B1-7D69-44F6-9A44-4BAA6669B8F0} = {B0609B10-285A-4ED8-9610-017083A141D7}
		{47B1464A-421D-4EEC-9C2B-F3CE55933B6E} = {07E923A3-6BD8-4627-B740-60EB808E6F80}
		{3B6C210F-5F4A-4255-B013-361FCB39F86B} = {C68B6BE3-D7C0-4F29-B714-1D8B640FDBD7}
	EndGlobalSection
EndGlobal
